
Microsoft Visual Studio Solution File, Format Version 12.00
# Visual Studio Version 16
VisualStudioVersion = 16.0.29613.14
MinimumVisualStudioVersion = 10.0.40219.1
Project("{FAE04EC0-301F-11D3-BF4B-00C04F79EFBC}") = "POSRestaurantAPI", "POSRestaurantAPI\POSRestaurantAPI.csproj", "{4618BA4B-0817-43D3-8F6E-3B5DC54A7591}"
EndProject
Global
	GlobalSection(SolutionConfigurationPlatforms) = preSolution
		Debug|Any CPU = Debug|Any CPU
		Release|Any CPU = Release|Any CPU
	EndGlobalSection
	GlobalSection(ProjectConfigurationPlatforms) = postSolution
		{4618BA4B-0817-43D3-8F6E-3B5DC54A7591}.Debug|Any CPU.ActiveCfg = Debug|Any CPU
		{4618BA4B-0817-43D3-8F6E-3B5DC54A7591}.Debug|Any CPU.Build.0 = Debug|Any CPU
		{4618BA4B-0817-43D3-8F6E-3B5DC54A7591}.Release|Any CPU.ActiveCfg = Release|Any CPU
		{4618BA4B-0817-43D3-8F6E-3B5DC54A7591}.Release|Any CPU.Build.0 = Release|Any CPU
	EndGlobalSection
	GlobalSection(SolutionProperties) = preSolution
		HideSolutionNode = FALSE
	EndGlobalSection
	GlobalSection(ExtensibilityGlobals) = postSolution
		SolutionGuid = {89ACCDA9-96E4-41C2-8723-FA75A1C76878}
	EndGlobalSection
EndGlobal
